// !$*UTF8*$!
{
	archiveVersion = 1;
	classes = {
	};
	objectVersion = 50;
	objects = {

/* Begin PBXBuildFile section */
		839A961225D49111004DD12D /* WidgetHackApp.swift in Sources */ = {isa = PBXBuildFile; fileRef = 839A961125D49111004DD12D /* WidgetHackApp.swift */; };
		839A961425D49111004DD12D /* ContentView.swift in Sources */ = {isa = PBXBuildFile; fileRef = 839A961325D49111004DD12D /* ContentView.swift */; };
		839A961625D49113004DD12D /* Assets.xcassets in Resources */ = {isa = PBXBuildFile; fileRef = 839A961525D49113004DD12D /* Assets.xcassets */; };
		839A961925D49113004DD12D /* Preview Assets.xcassets in Resources */ = {isa = PBXBuildFile; fileRef = 839A961825D49113004DD12D /* Preview Assets.xcassets */; };
		839A962325D49165004DD12D /* WidgetDataModel.swift in Sources */ = {isa = PBXBuildFile; fileRef = 839A962125D49164004DD12D /* WidgetDataModel.swift */; };
		839A962425D49165004DD12D /* WidgetsApp.swift in Sources */ = {isa = PBXBuildFile; fileRef = 839A962225D49165004DD12D /* WidgetsApp.swift */; };
		839A962D25D4946F004DD12D /* WidgetKit.framework in Frameworks */ = {isa = PBXBuildFile; fileRef = 839A962C25D4946F004DD12D /* WidgetKit.framework */; };
		839A962F25D4946F004DD12D /* SwiftUI.framework in Frameworks */ = {isa = PBXBuildFile; fileRef = 839A962E25D4946F004DD12D /* SwiftUI.framework */; };
		839A963225D4946F004DD12D /* OpenItemWidget.swift in Sources */ = {isa = PBXBuildFile; fileRef = 839A963125D4946F004DD12D /* OpenItemWidget.swift */; };
		839A963425D49470004DD12D /* Assets.xcassets in Resources */ = {isa = PBXBuildFile; fileRef = 839A963325D49470004DD12D /* Assets.xcassets */; };
		839A963825D49470004DD12D /* OpenItemWidgetExtension.appex in Embed App Extensions */ = {isa = PBXBuildFile; fileRef = 839A962A25D4946F004DD12D /* OpenItemWidgetExtension.appex */; settings = {ATTRIBUTES = (RemoveHeadersOnCopy, ); }; };
		839A964425D49714004DD12D /* WidgetContentReaderWriter.swift in Sources */ = {isa = PBXBuildFile; fileRef = 839A964325D49714004DD12D /* WidgetContentReaderWriter.swift */; };
		839A965025D59BA5004DD12D /* WidgetContentNotificationPoster.swift in Sources */ = {isa = PBXBuildFile; fileRef = 839A964F25D59BA5004DD12D /* WidgetContentNotificationPoster.swift */; };
		C94A9F7625D5054F00D6C4FB /* WidgetContentReaderWriter.swift in Sources */ = {isa = PBXBuildFile; fileRef = C94A9F7525D5054F00D6C4FB /* WidgetContentReaderWriter.swift */; };
		C97EED7B25D503AB009AE98E /* WidgetDataModel.swift in Sources */ = {isa = PBXBuildFile; fileRef = C97EED7A25D503AB009AE98E /* WidgetDataModel.swift */; };
/* End PBXBuildFile section */

/* Begin PBXContainerItemProxy section */
		839A963625D49470004DD12D /* PBXContainerItemProxy */ = {
			isa = PBXContainerItemProxy;
			containerPortal = 839A960625D49111004DD12D /* Project object */;
			proxyType = 1;
			remoteGlobalIDString = 839A962925D4946F004DD12D;
			remoteInfo = OpenItemWidgetExtension;
		};
/* End PBXContainerItemProxy section */

/* Begin PBXCopyFilesBuildPhase section */
		839A963C25D49470004DD12D /* Embed App Extensions */ = {
			isa = PBXCopyFilesBuildPhase;
			buildActionMask = 2147483647;
			dstPath = "";
			dstSubfolderSpec = 13;
			files = (
				839A963825D49470004DD12D /* OpenItemWidgetExtension.appex in Embed App Extensions */,
			);
			name = "Embed App Extensions";
			runOnlyForDeploymentPostprocessing = 0;
		};
/* End PBXCopyFilesBuildPhase section */

/* Begin PBXFileReference section */
		839A960E25D49111004DD12D /* WidgetHack.app */ = {isa = PBXFileReference; explicitFileType = wrapper.application; includeInIndex = 0; path = WidgetHack.app; sourceTree = BUILT_PRODUCTS_DIR; };
		839A961125D49111004DD12D /* WidgetHackApp.swift */ = {isa = PBXFileReference; lastKnownFileType = sourcecode.swift; path = WidgetHackApp.swift; sourceTree = "<group>"; };
		839A961325D49111004DD12D /* ContentView.swift */ = {isa = PBXFileReference; lastKnownFileType = sourcecode.swift; path = ContentView.swift; sourceTree = "<group>"; };
		839A961525D49113004DD12D /* Assets.xcassets */ = {isa = PBXFileReference; lastKnownFileType = folder.assetcatalog; path = Assets.xcassets; sourceTree = "<group>"; };
		839A961825D49113004DD12D /* Preview Assets.xcassets */ = {isa = PBXFileReference; lastKnownFileType = folder.assetcatalog; path = "Preview Assets.xcassets"; sourceTree = "<group>"; };
		839A961A25D49113004DD12D /* Info.plist */ = {isa = PBXFileReference; lastKnownFileType = text.plist.xml; path = Info.plist; sourceTree = "<group>"; };
		839A962125D49164004DD12D /* WidgetDataModel.swift */ = {isa = PBXFileReference; fileEncoding = 4; lastKnownFileType = sourcecode.swift; path = WidgetDataModel.swift; sourceTree = "<group>"; };
		839A962225D49165004DD12D /* WidgetsApp.swift */ = {isa = PBXFileReference; fileEncoding = 4; lastKnownFileType = sourcecode.swift; path = WidgetsApp.swift; sourceTree = "<group>"; };
		839A962A25D4946F004DD12D /* OpenItemWidgetExtension.appex */ = {isa = PBXFileReference; explicitFileType = "wrapper.app-extension"; includeInIndex = 0; path = OpenItemWidgetExtension.appex; sourceTree = BUILT_PRODUCTS_DIR; };
		839A962C25D4946F004DD12D /* WidgetKit.framework */ = {isa = PBXFileReference; lastKnownFileType = wrapper.framework; name = WidgetKit.framework; path = System/Library/Frameworks/WidgetKit.framework; sourceTree = SDKROOT; };
		839A962E25D4946F004DD12D /* SwiftUI.framework */ = {isa = PBXFileReference; lastKnownFileType = wrapper.framework; name = SwiftUI.framework; path = System/Library/Frameworks/SwiftUI.framework; sourceTree = SDKROOT; };
		839A963125D4946F004DD12D /* OpenItemWidget.swift */ = {isa = PBXFileReference; lastKnownFileType = sourcecode.swift; path = OpenItemWidget.swift; sourceTree = "<group>"; };
		839A963325D49470004DD12D /* Assets.xcassets */ = {isa = PBXFileReference; lastKnownFileType = folder.assetcatalog; path = Assets.xcassets; sourceTree = "<group>"; };
		839A963525D49470004DD12D /* Info.plist */ = {isa = PBXFileReference; lastKnownFileType = text.plist.xml; path = Info.plist; sourceTree = "<group>"; };
		839A964325D49714004DD12D /* WidgetContentReaderWriter.swift */ = {isa = PBXFileReference; lastKnownFileType = sourcecode.swift; path = WidgetContentReaderWriter.swift; sourceTree = "<group>"; };
		839A964F25D59BA5004DD12D /* WidgetContentNotificationPoster.swift */ = {isa = PBXFileReference; lastKnownFileType = sourcecode.swift; path = WidgetContentNotificationPoster.swift; sourceTree = "<group>"; };
		C94A9F7525D5054F00D6C4FB /* WidgetContentReaderWriter.swift */ = {isa = PBXFileReference; lastKnownFileType = sourcecode.swift; path = WidgetContentReaderWriter.swift; sourceTree = "<group>"; };
		C97EED6625D4FF9C009AE98E /* WidgetHack.entitlements */ = {isa = PBXFileReference; lastKnownFileType = text.plist.entitlements; path = WidgetHack.entitlements; sourceTree = "<group>"; };
		C97EED6F25D502C4009AE98E /* OpenItemWidgetExtension.entitlements */ = {isa = PBXFileReference; lastKnownFileType = text.plist.entitlements; path = OpenItemWidgetExtension.entitlements; sourceTree = "<group>"; };
		C97EED7A25D503AB009AE98E /* WidgetDataModel.swift */ = {isa = PBXFileReference; fileEncoding = 4; lastKnownFileType = sourcecode.swift; path = WidgetDataModel.swift; sourceTree = "<group>"; };
/* End PBXFileReference section */

/* Begin PBXFrameworksBuildPhase section */
		839A960B25D49111004DD12D /* Frameworks */ = {
			isa = PBXFrameworksBuildPhase;
			buildActionMask = 2147483647;
			files = (
			);
			runOnlyForDeploymentPostprocessing = 0;
		};
		839A962725D4946F004DD12D /* Frameworks */ = {
			isa = PBXFrameworksBuildPhase;
			buildActionMask = 2147483647;
			files = (
				839A962F25D4946F004DD12D /* SwiftUI.framework in Frameworks */,
				839A962D25D4946F004DD12D /* WidgetKit.framework in Frameworks */,
			);
			runOnlyForDeploymentPostprocessing = 0;
		};
/* End PBXFrameworksBuildPhase section */

/* Begin PBXGroup section */
		839A960525D49111004DD12D = {
			isa = PBXGroup;
			children = (
				839A961025D49111004DD12D /* WidgetHack */,
				839A963025D4946F004DD12D /* OpenItemWidget */,
				839A962B25D4946F004DD12D /* Frameworks */,
				839A960F25D49111004DD12D /* Products */,
			);
			sourceTree = "<group>";
		};
		839A960F25D49111004DD12D /* Products */ = {
			isa = PBXGroup;
			children = (
				839A960E25D49111004DD12D /* WidgetHack.app */,
				839A962A25D4946F004DD12D /* OpenItemWidgetExtension.appex */,
			);
			name = Products;
			sourceTree = "<group>";
		};
		839A961025D49111004DD12D /* WidgetHack */ = {
			isa = PBXGroup;
			children = (
				C97EED6625D4FF9C009AE98E /* WidgetHack.entitlements */,
				C94A9F7925D5055C00D6C4FB /* SharedCode */,
				839A962225D49165004DD12D /* WidgetsApp.swift */,
				839A961125D49111004DD12D /* WidgetHackApp.swift */,
				839A961325D49111004DD12D /* ContentView.swift */,
				839A961525D49113004DD12D /* Assets.xcassets */,
				839A961A25D49113004DD12D /* Info.plist */,
				839A961725D49113004DD12D /* Preview Content */,
				839A964F25D59BA5004DD12D /* WidgetContentNotificationPoster.swift */,
			);
			path = WidgetHack;
			sourceTree = "<group>";
		};
		839A961725D49113004DD12D /* Preview Content */ = {
			isa = PBXGroup;
			children = (
				839A961825D49113004DD12D /* Preview Assets.xcassets */,
			);
			path = "Preview Content";
			sourceTree = "<group>";
		};
		839A962B25D4946F004DD12D /* Frameworks */ = {
			isa = PBXGroup;
			children = (
				839A962C25D4946F004DD12D /* WidgetKit.framework */,
				839A962E25D4946F004DD12D /* SwiftUI.framework */,
			);
			name = Frameworks;
			sourceTree = "<group>";
		};
		839A963025D4946F004DD12D /* OpenItemWidget */ = {
			isa = PBXGroup;
			children = (
				C97EED6F25D502C4009AE98E /* OpenItemWidgetExtension.entitlements */,
				C94A9F7A25D5056B00D6C4FB /* SharedCode */,
				839A963125D4946F004DD12D /* OpenItemWidget.swift */,
				839A963325D49470004DD12D /* Assets.xcassets */,
				839A963525D49470004DD12D /* Info.plist */,
			);
			path = OpenItemWidget;
			sourceTree = "<group>";
		};
		C94A9F7925D5055C00D6C4FB /* SharedCode */ = {
			isa = PBXGroup;
			children = (
				839A962125D49164004DD12D /* WidgetDataModel.swift */,
				C94A9F7525D5054F00D6C4FB /* WidgetContentReaderWriter.swift */,
			);
			path = SharedCode;
			sourceTree = "<group>";
		};
		C94A9F7A25D5056B00D6C4FB /* SharedCode */ = {
			isa = PBXGroup;
			children = (
				C97EED7A25D503AB009AE98E /* WidgetDataModel.swift */,
				839A964325D49714004DD12D /* WidgetContentReaderWriter.swift */,
			);
			path = SharedCode;
			sourceTree = "<group>";
		};
/* End PBXGroup section */

/* Begin PBXNativeTarget section */
		839A960D25D49111004DD12D /* WidgetHack */ = {
			isa = PBXNativeTarget;
			buildConfigurationList = 839A961D25D49113004DD12D /* Build configuration list for PBXNativeTarget "WidgetHack" */;
			buildPhases = (
				839A960A25D49111004DD12D /* Sources */,
				839A960B25D49111004DD12D /* Frameworks */,
				839A960C25D49111004DD12D /* Resources */,
				839A963C25D49470004DD12D /* Embed App Extensions */,
			);
			buildRules = (
			);
			dependencies = (
				839A963725D49470004DD12D /* PBXTargetDependency */,
			);
			name = WidgetHack;
			productName = WidgetHack;
			productReference = 839A960E25D49111004DD12D /* WidgetHack.app */;
			productType = "com.apple.product-type.application";
		};
		839A962925D4946F004DD12D /* OpenItemWidgetExtension */ = {
			isa = PBXNativeTarget;
			buildConfigurationList = 839A963925D49470004DD12D /* Build configuration list for PBXNativeTarget "OpenItemWidgetExtension" */;
			buildPhases = (
				839A962625D4946F004DD12D /* Sources */,
				839A962725D4946F004DD12D /* Frameworks */,
				839A962825D4946F004DD12D /* Resources */,
			);
			buildRules = (
			);
			dependencies = (
			);
			name = OpenItemWidgetExtension;
			productName = OpenItemWidgetExtension;
			productReference = 839A962A25D4946F004DD12D /* OpenItemWidgetExtension.appex */;
			productType = "com.apple.product-type.app-extension";
		};
/* End PBXNativeTarget section */

/* Begin PBXProject section */
		839A960625D49111004DD12D /* Project object */ = {
			isa = PBXProject;
			attributes = {
				LastSwiftUpdateCheck = 1220;
				LastUpgradeCheck = 1220;
				TargetAttributes = {
					839A960D25D49111004DD12D = {
						CreatedOnToolsVersion = 12.2;
					};
					839A962925D4946F004DD12D = {
						CreatedOnToolsVersion = 12.2;
					};
				};
			};
			buildConfigurationList = 839A960925D49111004DD12D /* Build configuration list for PBXProject "WidgetHack" */;
			compatibilityVersion = "Xcode 9.3";
			developmentRegion = en;
			hasScannedForEncodings = 0;
			knownRegions = (
				en,
				Base,
			);
			mainGroup = 839A960525D49111004DD12D;
			productRefGroup = 839A960F25D49111004DD12D /* Products */;
			projectDirPath = "";
			projectRoot = "";
			targets = (
				839A960D25D49111004DD12D /* WidgetHack */,
				839A962925D4946F004DD12D /* OpenItemWidgetExtension */,
			);
		};
/* End PBXProject section */

/* Begin PBXResourcesBuildPhase section */
		839A960C25D49111004DD12D /* Resources */ = {
			isa = PBXResourcesBuildPhase;
			buildActionMask = 2147483647;
			files = (
				839A961925D49113004DD12D /* Preview Assets.xcassets in Resources */,
				839A961625D49113004DD12D /* Assets.xcassets in Resources */,
			);
			runOnlyForDeploymentPostprocessing = 0;
		};
		839A962825D4946F004DD12D /* Resources */ = {
			isa = PBXResourcesBuildPhase;
			buildActionMask = 2147483647;
			files = (
				839A963425D49470004DD12D /* Assets.xcassets in Resources */,
			);
			runOnlyForDeploymentPostprocessing = 0;
		};
/* End PBXResourcesBuildPhase section */

/* Begin PBXSourcesBuildPhase section */
		839A960A25D49111004DD12D /* Sources */ = {
			isa = PBXSourcesBuildPhase;
			buildActionMask = 2147483647;
			files = (
				839A962325D49165004DD12D /* WidgetDataModel.swift in Sources */,
				839A961425D49111004DD12D /* ContentView.swift in Sources */,
				839A961225D49111004DD12D /* WidgetHackApp.swift in Sources */,
				839A965025D59BA5004DD12D /* WidgetContentNotificationPoster.swift in Sources */,
				839A962425D49165004DD12D /* WidgetsApp.swift in Sources */,
				C94A9F7625D5054F00D6C4FB /* WidgetContentReaderWriter.swift in Sources */,
			);
			runOnlyForDeploymentPostprocessing = 0;
		};
		839A962625D4946F004DD12D /* Sources */ = {
			isa = PBXSourcesBuildPhase;
			buildActionMask = 2147483647;
			files = (
				C97EED7B25D503AB009AE98E /* WidgetDataModel.swift in Sources */,
				839A964425D49714004DD12D /* WidgetContentReaderWriter.swift in Sources */,
				839A963225D4946F004DD12D /* OpenItemWidget.swift in Sources */,
			);
			runOnlyForDeploymentPostprocessing = 0;
		};
/* End PBXSourcesBuildPhase section */

/* Begin PBXTargetDependency section */
		839A963725D49470004DD12D /* PBXTargetDependency */ = {
			isa = PBXTargetDependency;
			target = 839A962925D4946F004DD12D /* OpenItemWidgetExtension */;
			targetProxy = 839A963625D49470004DD12D /* PBXContainerItemProxy */;
		};
/* End PBXTargetDependency section */

/* Begin XCBuildConfiguration section */
		839A961B25D49113004DD12D /* Debug */ = {
			isa = XCBuildConfiguration;
			buildSettings = {
				ALWAYS_SEARCH_USER_PATHS = NO;
				CLANG_ANALYZER_NONNULL = YES;
				CLANG_ANALYZER_NUMBER_OBJECT_CONVERSION = YES_AGGRESSIVE;
				CLANG_CXX_LANGUAGE_STANDARD = "gnu++14";
				CLANG_CXX_LIBRARY = "libc++";
				CLANG_ENABLE_MODULES = YES;
				CLANG_ENABLE_OBJC_ARC = YES;
				CLANG_ENABLE_OBJC_WEAK = YES;
				CLANG_WARN_BLOCK_CAPTURE_AUTORELEASING = YES;
				CLANG_WARN_BOOL_CONVERSION = YES;
				CLANG_WARN_COMMA = YES;
				CLANG_WARN_CONSTANT_CONVERSION = YES;
				CLANG_WARN_DEPRECATED_OBJC_IMPLEMENTATIONS = YES;
				CLANG_WARN_DIRECT_OBJC_ISA_USAGE = YES_ERROR;
				CLANG_WARN_DOCUMENTATION_COMMENTS = YES;
				CLANG_WARN_EMPTY_BODY = YES;
				CLANG_WARN_ENUM_CONVERSION = YES;
				CLANG_WARN_INFINITE_RECURSION = YES;
				CLANG_WARN_INT_CONVERSION = YES;
				CLANG_WARN_NON_LITERAL_NULL_CONVERSION = YES;
				CLANG_WARN_OBJC_IMPLICIT_RETAIN_SELF = YES;
				CLANG_WARN_OBJC_LITERAL_CONVERSION = YES;
				CLANG_WARN_OBJC_ROOT_CLASS = YES_ERROR;
				CLANG_WARN_QUOTED_INCLUDE_IN_FRAMEWORK_HEADER = YES;
				CLANG_WARN_RANGE_LOOP_ANALYSIS = YES;
				CLANG_WARN_STRICT_PROTOTYPES = YES;
				CLANG_WARN_SUSPICIOUS_MOVE = YES;
				CLANG_WARN_UNGUARDED_AVAILABILITY = YES_AGGRESSIVE;
				CLANG_WARN_UNREACHABLE_CODE = YES;
				CLANG_WARN__DUPLICATE_METHOD_MATCH = YES;
				COPY_PHASE_STRIP = NO;
				DEBUG_INFORMATION_FORMAT = dwarf;
				ENABLE_STRICT_OBJC_MSGSEND = YES;
				ENABLE_TESTABILITY = YES;
				GCC_C_LANGUAGE_STANDARD = gnu11;
				GCC_DYNAMIC_NO_PIC = NO;
				GCC_NO_COMMON_BLOCKS = YES;
				GCC_OPTIMIZATION_LEVEL = 0;
				GCC_PREPROCESSOR_DEFINITIONS = (
					"DEBUG=1",
					"$(inherited)",
				);
				GCC_WARN_64_TO_32_BIT_CONVERSION = YES;
				GCC_WARN_ABOUT_RETURN_TYPE = YES_ERROR;
				GCC_WARN_UNDECLARED_SELECTOR = YES;
				GCC_WARN_UNINITIALIZED_AUTOS = YES_AGGRESSIVE;
				GCC_WARN_UNUSED_FUNCTION = YES;
				GCC_WARN_UNUSED_VARIABLE = YES;
				IPHONEOS_DEPLOYMENT_TARGET = 14.2;
				MTL_ENABLE_DEBUG_INFO = INCLUDE_SOURCE;
				MTL_FAST_MATH = YES;
				ONLY_ACTIVE_ARCH = YES;
				SDKROOT = iphoneos;
				SWIFT_ACTIVE_COMPILATION_CONDITIONS = DEBUG;
				SWIFT_OPTIMIZATION_LEVEL = "-Onone";
			};
			name = Debug;
		};
		839A961C25D49113004DD12D /* Release */ = {
			isa = XCBuildConfiguration;
			buildSettings = {
				ALWAYS_SEARCH_USER_PATHS = NO;
				CLANG_ANALYZER_NONNULL = YES;
				CLANG_ANALYZER_NUMBER_OBJECT_CONVERSION = YES_AGGRESSIVE;
				CLANG_CXX_LANGUAGE_STANDARD = "gnu++14";
				CLANG_CXX_LIBRARY = "libc++";
				CLANG_ENABLE_MODULES = YES;
				CLANG_ENABLE_OBJC_ARC = YES;
				CLANG_ENABLE_OBJC_WEAK = YES;
				CLANG_WARN_BLOCK_CAPTURE_AUTORELEASING = YES;
				CLANG_WARN_BOOL_CONVERSION = YES;
				CLANG_WARN_COMMA = YES;
				CLANG_WARN_CONSTANT_CONVERSION = YES;
				CLANG_WARN_DEPRECATED_OBJC_IMPLEMENTATIONS = YES;
				CLANG_WARN_DIRECT_OBJC_ISA_USAGE = YES_ERROR;
				CLANG_WARN_DOCUMENTATION_COMMENTS = YES;
				CLANG_WARN_EMPTY_BODY = YES;
				CLANG_WARN_ENUM_CONVERSION = YES;
				CLANG_WARN_INFINITE_RECURSION = YES;
				CLANG_WARN_INT_CONVERSION = YES;
				CLANG_WARN_NON_LITERAL_NULL_CONVERSION = YES;
				CLANG_WARN_OBJC_IMPLICIT_RETAIN_SELF = YES;
				CLANG_WARN_OBJC_LITERAL_CONVERSION = YES;
				CLANG_WARN_OBJC_ROOT_CLASS = YES_ERROR;
				CLANG_WARN_QUOTED_INCLUDE_IN_FRAMEWORK_HEADER = YES;
				CLANG_WARN_RANGE_LOOP_ANALYSIS = YES;
				CLANG_WARN_STRICT_PROTOTYPES = YES;
				CLANG_WARN_SUSPICIOUS_MOVE = YES;
				CLANG_WARN_UNGUARDED_AVAILABILITY = YES_AGGRESSIVE;
				CLANG_WARN_UNREACHABLE_CODE = YES;
				CLANG_WARN__DUPLICATE_METHOD_MATCH = YES;
				COPY_PHASE_STRIP = NO;
				DEBUG_INFORMATION_FORMAT = "dwarf-with-dsym";
				ENABLE_NS_ASSERTIONS = NO;
				ENABLE_STRICT_OBJC_MSGSEND = YES;
				GCC_C_LANGUAGE_STANDARD = gnu11;
				GCC_NO_COMMON_BLOCKS = YES;
				GCC_WARN_64_TO_32_BIT_CONVERSION = YES;
				GCC_WARN_ABOUT_RETURN_TYPE = YES_ERROR;
				GCC_WARN_UNDECLARED_SELECTOR = YES;
				GCC_WARN_UNINITIALIZED_AUTOS = YES_AGGRESSIVE;
				GCC_WARN_UNUSED_FUNCTION = YES;
				GCC_WARN_UNUSED_VARIABLE = YES;
				IPHONEOS_DEPLOYMENT_TARGET = 14.2;
				MTL_ENABLE_DEBUG_INFO = NO;
				MTL_FAST_MATH = YES;
				SDKROOT = iphoneos;
				SWIFT_COMPILATION_MODE = wholemodule;
				SWIFT_OPTIMIZATION_LEVEL = "-O";
				VALIDATE_PRODUCT = YES;
			};
			name = Release;
		};
		839A961E25D49113004DD12D /* Debug */ = {
			isa = XCBuildConfiguration;
			buildSettings = {
				ALWAYS_EMBED_SWIFT_STANDARD_LIBRARIES = YES;
				ASSETCATALOG_COMPILER_APPICON_NAME = AppIcon;
				ASSETCATALOG_COMPILER_GLOBAL_ACCENT_COLOR_NAME = AccentColor;
				CODE_SIGN_ENTITLEMENTS = WidgetHack/WidgetHack.entitlements;
				CODE_SIGN_IDENTITY = "Apple Development";
				CODE_SIGN_STYLE = Automatic;
				DEVELOPMENT_ASSET_PATHS = "\"WidgetHack/Preview Content\"";
				DEVELOPMENT_TEAM = Q69JMRS3FN;
				ENABLE_PREVIEWS = YES;
				INFOPLIST_FILE = WidgetHack/Info.plist;
				IPHONEOS_DEPLOYMENT_TARGET = 14.0;
				LD_RUNPATH_SEARCH_PATHS = (
					"$(inherited)",
					"@executable_path/Frameworks",
				);
				PRODUCT_BUNDLE_IDENTIFIER = com.drei.WidgetHack;
				PRODUCT_NAME = "$(TARGET_NAME)";
				PROVISIONING_PROFILE_SPECIFIER = "";
				SWIFT_VERSION = 5.0;
				TARGETED_DEVICE_FAMILY = "1,2";
			};
			name = Debug;
		};
		839A961F25D49113004DD12D /* Release */ = {
			isa = XCBuildConfiguration;
			buildSettings = {
				ALWAYS_EMBED_SWIFT_STANDARD_LIBRARIES = YES;
				ASSETCATALOG_COMPILER_APPICON_NAME = AppIcon;
				ASSETCATALOG_COMPILER_GLOBAL_ACCENT_COLOR_NAME = AccentColor;
				CODE_SIGN_ENTITLEMENTS = WidgetHack/WidgetHack.entitlements;
				CODE_SIGN_IDENTITY = "Apple Development";
				CODE_SIGN_STYLE = Automatic;
				DEVELOPMENT_ASSET_PATHS = "\"WidgetHack/Preview Content\"";
				DEVELOPMENT_TEAM = "";
				ENABLE_PREVIEWS = YES;
				INFOPLIST_FILE = WidgetHack/Info.plist;
				IPHONEOS_DEPLOYMENT_TARGET = 14.0;
				LD_RUNPATH_SEARCH_PATHS = (
					"$(inherited)",
					"@executable_path/Frameworks",
				);
				PRODUCT_BUNDLE_IDENTIFIER = com.drei.WidgetHack;
				PRODUCT_NAME = "$(TARGET_NAME)";
				PROVISIONING_PROFILE_SPECIFIER = "";
				SWIFT_VERSION = 5.0;
				TARGETED_DEVICE_FAMILY = "1,2";
			};
			name = Release;
		};
		839A963A25D49470004DD12D /* Debug */ = {
			isa = XCBuildConfiguration;
			buildSettings = {
				ASSETCATALOG_COMPILER_GLOBAL_ACCENT_COLOR_NAME = AccentColor;
				ASSETCATALOG_COMPILER_WIDGET_BACKGROUND_COLOR_NAME = WidgetBackground;
				CODE_SIGN_ENTITLEMENTS = OpenItemWidgetExtension.entitlements;
				CODE_SIGN_STYLE = Automatic;
				DEVELOPMENT_TEAM = Q69JMRS3FN;
				INFOPLIST_FILE = OpenItemWidget/Info.plist;
				LD_RUNPATH_SEARCH_PATHS = (
					"$(inherited)",
					"@executable_path/Frameworks",
					"@executable_path/../../Frameworks",
				);
				PRODUCT_BUNDLE_IDENTIFIER = com.drei.WidgetHack.OpenItemWidget;
				PRODUCT_NAME = "$(TARGET_NAME)";
				SKIP_INSTALL = YES;
				SWIFT_VERSION = 5.0;
				TARGETED_DEVICE_FAMILY = "1,2";
			};
			name = Debug;
		};
		839A963B25D49470004DD12D /* Release */ = {
			isa = XCBuildConfiguration;
			buildSettings = {
				ASSETCATALOG_COMPILER_GLOBAL_ACCENT_COLOR_NAME = AccentColor;
				ASSETCATALOG_COMPILER_WIDGET_BACKGROUND_COLOR_NAME = WidgetBackground;
				CODE_SIGN_ENTITLEMENTS = OpenItemWidgetExtension.entitlements;
				CODE_SIGN_STYLE = Automatic;
				DEVELOPMENT_TEAM = Q69JMRS3FN;
				INFOPLIST_FILE = OpenItemWidget/Info.plist;
				LD_RUNPATH_SEARCH_PATHS = (
					"$(inherited)",
					"@executable_path/Frameworks",
					"@executable_path/../../Frameworks",
				);
				PRODUCT_BUNDLE_IDENTIFIER = com.drei.WidgetHack.OpenItemWidget;
				PRODUCT_NAME = "$(TARGET_NAME)";
				SKIP_INSTALL = YES;
				SWIFT_VERSION = 5.0;
				TARGETED_DEVICE_FAMILY = "1,2";
			};
			name = Release;
		};
/* End XCBuildConfiguration section */

/* Begin XCConfigurationList section */
		839A960925D49111004DD12D /* Build configuration list for PBXProject "WidgetHack" */ = {
			isa = XCConfigurationList;
			buildConfigurations = (
				839A961B25D49113004DD12D /* Debug */,
				839A961C25D49113004DD12D /* Release */,
			);
			defaultConfigurationIsVisible = 0;
			defaultConfigurationName = Release;
		};
		839A961D25D49113004DD12D /* Build configuration list for PBXNativeTarget "WidgetHack" */ = {
			isa = XCConfigurationList;
			buildConfigurations = (
				839A961E25D49113004DD12D /* Debug */,
				839A961F25D49113004DD12D /* Release */,
			);
			defaultConfigurationIsVisible = 0;
			defaultConfigurationName = Release;
		};
		839A963925D49470004DD12D /* Build configuration list for PBXNativeTarget "OpenItemWidgetExtension" */ = {
			isa = XCConfigurationList;
			buildConfigurations = (
				839A963A25D49470004DD12D /* Debug */,
				839A963B25D49470004DD12D /* Release */,
			);
			defaultConfigurationIsVisible = 0;
			defaultConfigurationName = Release;
		};
/* End XCConfigurationList section */
	};
	rootObject = 839A960625D49111004DD12D /* Project object */;
}
